
Microsoft Visual Studio Solution File, Format Version 12.00
# Visual Studio Version 17
VisualStudioVersion = 17.8.34408.163
MinimumVisualStudioVersion = 10.0.40219.1
Project("{FAE04EC0-301F-11D3-BF4B-00C04F79EFBC}") = "webapplication1", "webapplication1.csproj", "{DF710250-8FC1-45DC-9132-8F7D4627F780}"
EndProject
Global
	GlobalSection(SolutionConfigurationPlatforms) = preSolution
		Debug|Any CPU = Debug|Any CPU
		Release|Any CPU = Release|Any CPU
	EndGlobalSection
	GlobalSection(ProjectConfigurationPlatforms) = postSolution
		{DF710250-8FC1-45DC-9132-8F7D4627F780}.Debug|Any CPU.ActiveCfg = Debug|Any CPU
		{DF710250-8FC1-45DC-9132-8F7D4627F780}.Debug|Any CPU.Build.0 = Debug|Any CPU
		{DF710250-8FC1-45DC-9132-8F7D4627F780}.Release|Any CPU.ActiveCfg = Release|Any CPU
		{DF710250-8FC1-45DC-9132-8F7D4627F780}.Release|Any CPU.Build.0 = Release|Any CPU
	EndGlobalSection
	GlobalSection(SolutionProperties) = preSolution
		HideSolutionNode = FALSE
	EndGlobalSection
	GlobalSection(ExtensibilityGlobals) = postSolution
		SolutionGuid = {D86590A5-16EC-4841-A376-0C8F5DE51170}
	EndGlobalSection
EndGlobal
